
Microsoft Visual Studio Solution File, Format Version 12.00
# Visual Studio Version 16
VisualStudioVersion = 16.0.30907.101
MinimumVisualStudioVersion = 10.0.40219.1
Project("{9A19103F-16F7-4668-BE54-9A1E7A4F7556}") = "Kampİntro", "Kampİntro\Kampİntro.csproj", "{9F0AF5E1-8B2C-467F-B58B-49456FD1C91C}"
EndProject
Project("{9A19103F-16F7-4668-BE54-9A1E7A4F7556}") = "Donguler", "Donguler\Donguler.csproj", "{CB7DB957-E83C-4D5B-80A2-D71A443534FF}"
EndProject
Project("{9A19103F-16F7-4668-BE54-9A1E7A4F7556}") = "Classİntro", "Classİntro\Classİntro.csproj", "{F963D353-D9D7-462D-B40C-F75421A506E2}"
EndProject
Project("{9A19103F-16F7-4668-BE54-9A1E7A4F7556}") = "Metotlar", "Metotlar\Metotlar.csproj", "{CF6F2682-112E-4B5E-9970-0BA177715C13}"
EndProject
Project("{9A19103F-16F7-4668-BE54-9A1E7A4F7556}") = "Matematik", "Matematik\Matematik.csproj", "{3FE508CB-D45C-48F7-9C2A-3792599B377E}"
EndProject
Project("{9A19103F-16F7-4668-BE54-9A1E7A4F7556}") = "DegerVeReferansTipler", "DegerVeReferansTipler\DegerVeReferansTipler.csproj", "{4059F9F9-7A2F-4A28-B679-073B707649D0}"
EndProject
Project("{9A19103F-16F7-4668-BE54-9A1E7A4F7556}") = "ClassMetotDemo", "ClassMetotDemo\ClassMetotDemo.csproj", "{36575D12-17EF-462B-96AD-1FEDDA638808}"
EndProject
Project("{9A19103F-16F7-4668-BE54-9A1E7A4F7556}") = "OOP1", "OOP1\OOP1.csproj", "{C06C6434-20E4-49E3-8062-148F9225198E}"
EndProject
Project("{9A19103F-16F7-4668-BE54-9A1E7A4F7556}") = "Collections", "Collections\Collections.csproj", "{E1A6D28C-7A28-4F4D-8944-2FC921DA6FD3}"
EndProject
Project("{9A19103F-16F7-4668-BE54-9A1E7A4F7556}") = "Genericsİntro", "Genericsİntro\Genericsİntro.csproj", "{A572F337-C9EE-4B4F-9DF8-EDFAC424337B}"
EndProject
Project("{9A19103F-16F7-4668-BE54-9A1E7A4F7556}") = "Constructors", "Constructors\Constructors.csproj", "{1A60FA90-4493-4233-845A-E84B0EA94371}"
EndProject
Project("{9A19103F-16F7-4668-BE54-9A1E7A4F7556}") = "Genericsİntro2", "Genericsİntro2\Genericsİntro2.csproj", "{00FFD3FA-8EEB-496F-AEBB-D9B5077E057C}"
EndProject
Project("{9A19103F-16F7-4668-BE54-9A1E7A4F7556}") = "KendiDenemlerim", "DegerVeReferansTipDeneme\KendiDenemlerim.csproj", "{5C2CED51-83A1-4AF3-8520-008A58DB2ACD}"
EndProject
Project("{9A19103F-16F7-4668-BE54-9A1E7A4F7556}") = "OOP2", "OOP2\OOP2.csproj", "{91BDE400-52AD-4B12-AE39-3F1C8C443921}"
EndProject
Project("{9A19103F-16F7-4668-BE54-9A1E7A4F7556}") = "OOP3", "OOP3\OOP3.csproj", "{998B708B-DBB7-4398-91BE-0C7E63D16A5A}"
EndProject
Project("{FAE04EC0-301F-11D3-BF4B-00C04F79EFBC}") = "RecapDemo1", "RecapDemo1\RecapDemo1.csproj", "{D7D1327F-7243-4FFC-A893-DAD716966463}"
EndProject
Project("{FAE04EC0-301F-11D3-BF4B-00C04F79EFBC}") = "Interfaces1", "Interfaces1\Interfaces1.csproj", "{4F592E93-AB35-4A59-9CE0-042474FE46ED}"
EndProject
Project("{FAE04EC0-301F-11D3-BF4B-00C04F79EFBC}") = "Interfeces2", "Interfeces2\Interfeces2.csproj", "{AB5E9C2B-02ED-4F57-9CAE-12F028D31362}"
EndProject
Project("{FAE04EC0-301F-11D3-BF4B-00C04F79EFBC}") = "Interfaces3", "Interfaces3\Interfaces3.csproj", "{2A170265-3EED-4B5A-BD5A-5809F7779675}"
EndProject
Project("{FAE04EC0-301F-11D3-BF4B-00C04F79EFBC}") = "deneme1", "deneme1\deneme1.csproj", "{C2E41D65-DB3B-43E0-946D-D096AFC9DAAE}"
EndProject
Project("{FAE04EC0-301F-11D3-BF4B-00C04F79EFBC}") = "InterfacesDemo", "InterfacesDemo\InterfacesDemo.csproj", "{6A75CA0F-4DB6-426D-A07C-84B782CFA457}"
EndProject
Project("{FAE04EC0-301F-11D3-BF4B-00C04F79EFBC}") = "Inheritances", "Inheritances\Inheritances.csproj", "{4BADF418-F3D2-4E01-BD40-B4D7557CE707}"
EndProject
Project("{FAE04EC0-301F-11D3-BF4B-00C04F79EFBC}") = "Abstracts", "Abstracts\Abstracts.csproj", "{7BB11368-F827-48CA-A566-48B26B7B448F}"
EndProject
Global
	GlobalSection(SolutionConfigurationPlatforms) = preSolution
		Debug|Any CPU = Debug|Any CPU
		Release|Any CPU = Release|Any CPU
	EndGlobalSection
	GlobalSection(ProjectConfigurationPlatforms) = postSolution
		{9F0AF5E1-8B2C-467F-B58B-49456FD1C91C}.Debug|Any CPU.ActiveCfg = Debug|Any CPU
		{9F0AF5E1-8B2C-467F-B58B-49456FD1C91C}.Debug|Any CPU.Build.0 = Debug|Any CPU
		{9F0AF5E1-8B2C-467F-B58B-49456FD1C91C}.Release|Any CPU.ActiveCfg = Release|Any CPU
		{9F0AF5E1-8B2C-467F-B58B-49456FD1C91C}.Release|Any CPU.Build.0 = Release|Any CPU
		{CB7DB957-E83C-4D5B-80A2-D71A443534FF}.Debug|Any CPU.ActiveCfg = Debug|Any CPU
		{CB7DB957-E83C-4D5B-80A2-D71A443534FF}.Debug|Any CPU.Build.0 = Debug|Any CPU
		{CB7DB957-E83C-4D5B-80A2-D71A443534FF}.Release|Any CPU.ActiveCfg = Release|Any CPU
		{CB7DB957-E83C-4D5B-80A2-D71A443534FF}.Release|Any CPU.Build.0 = Release|Any CPU
		{F963D353-D9D7-462D-B40C-F75421A506E2}.Debug|Any CPU.ActiveCfg = Debug|Any CPU
		{F963D353-D9D7-462D-B40C-F75421A506E2}.Debug|Any CPU.Build.0 = Debug|Any CPU
		{F963D353-D9D7-462D-B40C-F75421A506E2}.Release|Any CPU.ActiveCfg = Release|Any CPU
		{F963D353-D9D7-462D-B40C-F75421A506E2}.Release|Any CPU.Build.0 = Release|Any CPU
		{CF6F2682-112E-4B5E-9970-0BA177715C13}.Debug|Any CPU.ActiveCfg = Debug|Any CPU
		{CF6F2682-112E-4B5E-9970-0BA177715C13}.Debug|Any CPU.Build.0 = Debug|Any CPU
		{CF6F2682-112E-4B5E-9970-0BA177715C13}.Release|Any CPU.ActiveCfg = Release|Any CPU
		{CF6F2682-112E-4B5E-9970-0BA177715C13}.Release|Any CPU.Build.0 = Release|Any CPU
		{3FE508CB-D45C-48F7-9C2A-3792599B377E}.Debug|Any CPU.ActiveCfg = Debug|Any CPU
		{3FE508CB-D45C-48F7-9C2A-3792599B377E}.Debug|Any CPU.Build.0 = Debug|Any CPU
		{3FE508CB-D45C-48F7-9C2A-3792599B377E}.Release|Any CPU.ActiveCfg = Release|Any CPU
		{3FE508CB-D45C-48F7-9C2A-3792599B377E}.Release|Any CPU.Build.0 = Release|Any CPU
		{4059F9F9-7A2F-4A28-B679-073B707649D0}.Debug|Any CPU.ActiveCfg = Debug|Any CPU
		{4059F9F9-7A2F-4A28-B679-073B707649D0}.Debug|Any CPU.Build.0 = Debug|Any CPU
		{4059F9F9-7A2F-4A28-B679-073B707649D0}.Release|Any CPU.ActiveCfg = Release|Any CPU
		{4059F9F9-7A2F-4A28-B679-073B707649D0}.Release|Any CPU.Build.0 = Release|Any CPU
		{36575D12-17EF-462B-96AD-1FEDDA638808}.Debug|Any CPU.ActiveCfg = Debug|Any CPU
		{36575D12-17EF-462B-96AD-1FEDDA638808}.Debug|Any CPU.Build.0 = Debug|Any CPU
		{36575D12-17EF-462B-96AD-1FEDDA638808}.Release|Any CPU.ActiveCfg = Release|Any CPU
		{36575D12-17EF-462B-96AD-1FEDDA638808}.Release|Any CPU.Build.0 = Release|Any CPU
		{C06C6434-20E4-49E3-8062-148F9225198E}.Debug|Any CPU.ActiveCfg = Debug|Any CPU
		{C06C6434-20E4-49E3-8062-148F9225198E}.Debug|Any CPU.Build.0 = Debug|Any CPU
		{C06C6434-20E4-49E3-8062-148F9225198E}.Release|Any CPU.ActiveCfg = Release|Any CPU
		{C06C6434-20E4-49E3-8062-148F9225198E}.Release|Any CPU.Build.0 = Release|Any CPU
		{E1A6D28C-7A28-4F4D-8944-2FC921DA6FD3}.Debug|Any CPU.ActiveCfg = Debug|Any CPU
		{E1A6D28C-7A28-4F4D-8944-2FC921DA6FD3}.Debug|Any CPU.Build.0 = Debug|Any CPU
		{E1A6D28C-7A28-4F4D-8944-2FC921DA6FD3}.Release|Any CPU.ActiveCfg = Release|Any CPU
		{E1A6D28C-7A28-4F4D-8944-2FC921DA6FD3}.Release|Any CPU.Build.0 = Release|Any CPU
		{A572F337-C9EE-4B4F-9DF8-EDFAC424337B}.Debug|Any CPU.ActiveCfg = Debug|Any CPU
		{A572F337-C9EE-4B4F-9DF8-EDFAC424337B}.Debug|Any CPU.Build.0 = Debug|Any CPU
		{A572F337-C9EE-4B4F-9DF8-EDFAC424337B}.Release|Any CPU.ActiveCfg = Release|Any CPU
		{A572F337-C9EE-4B4F-9DF8-EDFAC424337B}.Release|Any CPU.Build.0 = Release|Any CPU
		{1A60FA90-4493-4233-845A-E84B0EA94371}.Debug|Any CPU.ActiveCfg = Debug|Any CPU
		{1A60FA90-4493-4233-845A-E84B0EA94371}.Debug|Any CPU.Build.0 = Debug|Any CPU
		{1A60FA90-4493-4233-845A-E84B0EA94371}.Release|Any CPU.ActiveCfg = Release|Any CPU
		{1A60FA90-4493-4233-845A-E84B0EA94371}.Release|Any CPU.Build.0 = Release|Any CPU
		{00FFD3FA-8EEB-496F-AEBB-D9B5077E057C}.Debug|Any CPU.ActiveCfg = Debug|Any CPU
		{00FFD3FA-8EEB-496F-AEBB-D9B5077E057C}.Debug|Any CPU.Build.0 = Debug|Any CPU
		{00FFD3FA-8EEB-496F-AEBB-D9B5077E057C}.Release|Any CPU.ActiveCfg = Release|Any CPU
		{00FFD3FA-8EEB-496F-AEBB-D9B5077E057C}.Release|Any CPU.Build.0 = Release|Any CPU
		{5C2CED51-83A1-4AF3-8520-008A58DB2ACD}.Debug|Any CPU.ActiveCfg = Debug|Any CPU
		{5C2CED51-83A1-4AF3-8520-008A58DB2ACD}.Debug|Any CPU.Build.0 = Debug|Any CPU
		{5C2CED51-83A1-4AF3-8520-008A58DB2ACD}.Release|Any CPU.ActiveCfg = Release|Any CPU
		{5C2CED51-83A1-4AF3-8520-008A58DB2ACD}.Release|Any CPU.Build.0 = Release|Any CPU
		{91BDE400-52AD-4B12-AE39-3F1C8C443921}.Debug|Any CPU.ActiveCfg = Debug|Any CPU
		{91BDE400-52AD-4B12-AE39-3F1C8C443921}.Debug|Any CPU.Build.0 = Debug|Any CPU
		{91BDE400-52AD-4B12-AE39-3F1C8C443921}.Release|Any CPU.ActiveCfg = Release|Any CPU
		{91BDE400-52AD-4B12-AE39-3F1C8C443921}.Release|Any CPU.Build.0 = Release|Any CPU
		{998B708B-DBB7-4398-91BE-0C7E63D16A5A}.Debug|Any CPU.ActiveCfg = Debug|Any CPU
		{998B708B-DBB7-4398-91BE-0C7E63D16A5A}.Debug|Any CPU.Build.0 = Debug|Any CPU
		{998B708B-DBB7-4398-91BE-0C7E63D16A5A}.Release|Any CPU.ActiveCfg = Release|Any CPU
		{998B708B-DBB7-4398-91BE-0C7E63D16A5A}.Release|Any CPU.Build.0 = Release|Any CPU
		{D7D1327F-7243-4FFC-A893-DAD716966463}.Debug|Any CPU.ActiveCfg = Debug|Any CPU
		{D7D1327F-7243-4FFC-A893-DAD716966463}.Debug|Any CPU.Build.0 = Debug|Any CPU
		{D7D1327F-7243-4FFC-A893-DAD716966463}.Release|Any CPU.ActiveCfg = Release|Any CPU
		{D7D1327F-7243-4FFC-A893-DAD716966463}.Release|Any CPU.Build.0 = Release|Any CPU
		{4F592E93-AB35-4A59-9CE0-042474FE46ED}.Debug|Any CPU.ActiveCfg = Debug|Any CPU
		{4F592E93-AB35-4A59-9CE0-042474FE46ED}.Debug|Any CPU.Build.0 = Debug|Any CPU
		{4F592E93-AB35-4A59-9CE0-042474FE46ED}.Release|Any CPU.ActiveCfg = Release|Any CPU
		{4F592E93-AB35-4A59-9CE0-042474FE46ED}.Release|Any CPU.Build.0 = Release|Any CPU
		{AB5E9C2B-02ED-4F57-9CAE-12F028D31362}.Debug|Any CPU.ActiveCfg = Debug|Any CPU
		{AB5E9C2B-02ED-4F57-9CAE-12F028D31362}.Debug|Any CPU.Build.0 = Debug|Any CPU
		{AB5E9C2B-02ED-4F57-9CAE-12F028D31362}.Release|Any CPU.ActiveCfg = Release|Any CPU
		{AB5E9C2B-02ED-4F57-9CAE-12F028D31362}.Release|Any CPU.Build.0 = Release|Any CPU
		{2A170265-3EED-4B5A-BD5A-5809F7779675}.Debug|Any CPU.ActiveCfg = Debug|Any CPU
		{2A170265-3EED-4B5A-BD5A-5809F7779675}.Debug|Any CPU.Build.0 = Debug|Any CPU
		{2A170265-3EED-4B5A-BD5A-5809F7779675}.Release|Any CPU.ActiveCfg = Release|Any CPU
		{2A170265-3EED-4B5A-BD5A-5809F7779675}.Release|Any CPU.Build.0 = Release|Any CPU
		{C2E41D65-DB3B-43E0-946D-D096AFC9DAAE}.Debug|Any CPU.ActiveCfg = Debug|Any CPU
		{C2E41D65-DB3B-43E0-946D-D096AFC9DAAE}.Debug|Any CPU.Build.0 = Debug|Any CPU
		{C2E41D65-DB3B-43E0-946D-D096AFC9DAAE}.Release|Any CPU.ActiveCfg = Release|Any CPU
		{C2E41D65-DB3B-43E0-946D-D096AFC9DAAE}.Release|Any CPU.Build.0 = Release|Any CPU
		{6A75CA0F-4DB6-426D-A07C-84B782CFA457}.Debug|Any CPU.ActiveCfg = Debug|Any CPU
		{6A75CA0F-4DB6-426D-A07C-84B782CFA457}.Debug|Any CPU.Build.0 = Debug|Any CPU
		{6A75CA0F-4DB6-426D-A07C-84B782CFA457}.Release|Any CPU.ActiveCfg = Release|Any CPU
		{6A75CA0F-4DB6-426D-A07C-84B782CFA457}.Release|Any CPU.Build.0 = Release|Any CPU
		{4BADF418-F3D2-4E01-BD40-B4D7557CE707}.Debug|Any CPU.ActiveCfg = Debug|Any CPU
		{4BADF418-F3D2-4E01-BD40-B4D7557CE707}.Debug|Any CPU.Build.0 = Debug|Any CPU
		{4BADF418-F3D2-4E01-BD40-B4D7557CE707}.Release|Any CPU.ActiveCfg = Release|Any CPU
		{4BADF418-F3D2-4E01-BD40-B4D7557CE707}.Release|Any CPU.Build.0 = Release|Any CPU
		{7BB11368-F827-48CA-A566-48B26B7B448F}.Debug|Any CPU.ActiveCfg = Debug|Any CPU
		{7BB11368-F827-48CA-A566-48B26B7B448F}.Debug|Any CPU.Build.0 = Debug|Any CPU
		{7BB11368-F827-48CA-A566-48B26B7B448F}.Release|Any CPU.ActiveCfg = Release|Any CPU
		{7BB11368-F827-48CA-A566-48B26B7B448F}.Release|Any CPU.Build.0 = Release|Any CPU
	EndGlobalSection
	GlobalSection(SolutionProperties) = preSolution
		HideSolutionNode = FALSE
	EndGlobalSection
	GlobalSection(ExtensibilityGlobals) = postSolution
		SolutionGuid = {CE517F06-7F69-47B5-A24D-9CAB340FFCAE}
	EndGlobalSection
EndGlobal
